
Microsoft Visual Studio Solution File, Format Version 12.00
# Visual Studio Version 16
VisualStudioVersion = 16.0.29709.97
MinimumVisualStudioVersion = 10.0.40219.1
Project("{2150E333-8FDC-42A3-9474-1A3956D46DE8}") = "Logic Layer", "Logic Layer", "{B76131BE-5475-46D1-9E5A-0FB9D0A751FB}"
EndProject
Project("{2150E333-8FDC-42A3-9474-1A3956D46DE8}") = "Domain Layer", "Domain Layer", "{87975513-DE1F-4388-9E68-3884722B939A}"
EndProject
Project("{2150E333-8FDC-42A3-9474-1A3956D46DE8}") = "Presentation Layer", "Presentation Layer", "{574D7F72-4FCD-4EEF-A1E0-8A59B78FEBF0}"
EndProject
Project("{9A19103F-16F7-4668-BE54-9A1E7A4F7556}") = "FPT.Utilities", "FPT.Utilities\FPT.Utilities.csproj", "{190A9232-6CEE-40EA-8262-A34E1E99F76B}"
EndProject
Project("{9A19103F-16F7-4668-BE54-9A1E7A4F7556}") = "FPT.ViewModels", "FPT.ViewModels\FPT.ViewModels.csproj", "{04FD6E7A-8419-4AF1-BE94-B1519338BCB6}"
EndProject
Project("{9A19103F-16F7-4668-BE54-9A1E7A4F7556}") = "FPT.Application", "FPT.Application\FPT.Application.csproj", "{6487F96A-EEB4-45AF-AD33-4CC0E3A5741B}"
EndProject
Project("{9A19103F-16F7-4668-BE54-9A1E7A4F7556}") = "FPT.Data", "FPT.Data\FPT.Data.csproj", "{70878B50-479A-43DF-B152-35BB0B769FA2}"
EndProject
Project("{9A19103F-16F7-4668-BE54-9A1E7A4F7556}") = "FPT.AdminApp", "FPT.AdminApp\FPT.AdminApp.csproj", "{BFBD6D7B-80EA-4D6B-B14D-96F5F9A04494}"
EndProject
Project("{9A19103F-16F7-4668-BE54-9A1E7A4F7556}") = "FPT.ApiIntegration", "FPT.ApiIntegration\FPT.ApiIntegration.csproj", "{0D807ECA-E406-42A5-A3C5-8B2E8077D723}"
EndProject
Project("{9A19103F-16F7-4668-BE54-9A1E7A4F7556}") = "FPT.WebApp", "FPT.WebApp\FPT.WebApp.csproj", "{733805F6-35DD-4687-9201-303016210F22}"
EndProject
Project("{9A19103F-16F7-4668-BE54-9A1E7A4F7556}") = "FPT.BackendApi", "FPT.BackendApi\FPT.BackendApi.csproj", "{4EE5DE79-6DAD-413B-A8FA-2C7340340B51}"
EndProject
Project("{2150E333-8FDC-42A3-9474-1A3956D46DE8}") = "UI Layer", "UI Layer", "{8541084B-8699-4A1A-893C-69327C3B112B}"
EndProject
Global
	GlobalSection(SolutionConfigurationPlatforms) = preSolution
		Debug|Any CPU = Debug|Any CPU
		Release|Any CPU = Release|Any CPU
	EndGlobalSection
	GlobalSection(ProjectConfigurationPlatforms) = postSolution
		{190A9232-6CEE-40EA-8262-A34E1E99F76B}.Debug|Any CPU.ActiveCfg = Debug|Any CPU
		{190A9232-6CEE-40EA-8262-A34E1E99F76B}.Debug|Any CPU.Build.0 = Debug|Any CPU
		{190A9232-6CEE-40EA-8262-A34E1E99F76B}.Release|Any CPU.ActiveCfg = Release|Any CPU
		{190A9232-6CEE-40EA-8262-A34E1E99F76B}.Release|Any CPU.Build.0 = Release|Any CPU
		{04FD6E7A-8419-4AF1-BE94-B1519338BCB6}.Debug|Any CPU.ActiveCfg = Debug|Any CPU
		{04FD6E7A-8419-4AF1-BE94-B1519338BCB6}.Debug|Any CPU.Build.0 = Debug|Any CPU
		{04FD6E7A-8419-4AF1-BE94-B1519338BCB6}.Release|Any CPU.ActiveCfg = Release|Any CPU
		{04FD6E7A-8419-4AF1-BE94-B1519338BCB6}.Release|Any CPU.Build.0 = Release|Any CPU
		{6487F96A-EEB4-45AF-AD33-4CC0E3A5741B}.Debug|Any CPU.ActiveCfg = Debug|Any CPU
		{6487F96A-EEB4-45AF-AD33-4CC0E3A5741B}.Debug|Any CPU.Build.0 = Debug|Any CPU
		{6487F96A-EEB4-45AF-AD33-4CC0E3A5741B}.Release|Any CPU.ActiveCfg = Release|Any CPU
		{6487F96A-EEB4-45AF-AD33-4CC0E3A5741B}.Release|Any CPU.Build.0 = Release|Any CPU
		{70878B50-479A-43DF-B152-35BB0B769FA2}.Debug|Any CPU.ActiveCfg = Debug|Any CPU
		{70878B50-479A-43DF-B152-35BB0B769FA2}.Debug|Any CPU.Build.0 = Debug|Any CPU
		{70878B50-479A-43DF-B152-35BB0B769FA2}.Release|Any CPU.ActiveCfg = Release|Any CPU
		{70878B50-479A-43DF-B152-35BB0B769FA2}.Release|Any CPU.Build.0 = Release|Any CPU
		{BFBD6D7B-80EA-4D6B-B14D-96F5F9A04494}.Debug|Any CPU.ActiveCfg = Debug|Any CPU
		{BFBD6D7B-80EA-4D6B-B14D-96F5F9A04494}.Debug|Any CPU.Build.0 = Debug|Any CPU
		{BFBD6D7B-80EA-4D6B-B14D-96F5F9A04494}.Release|Any CPU.ActiveCfg = Release|Any CPU
		{BFBD6D7B-80EA-4D6B-B14D-96F5F9A04494}.Release|Any CPU.Build.0 = Release|Any CPU
		{0D807ECA-E406-42A5-A3C5-8B2E8077D723}.Debug|Any CPU.ActiveCfg = Debug|Any CPU
		{0D807ECA-E406-42A5-A3C5-8B2E8077D723}.Debug|Any CPU.Build.0 = Debug|Any CPU
		{0D807ECA-E406-42A5-A3C5-8B2E8077D723}.Release|Any CPU.ActiveCfg = Release|Any CPU
		{0D807ECA-E406-42A5-A3C5-8B2E8077D723}.Release|Any CPU.Build.0 = Release|Any CPU
		{733805F6-35DD-4687-9201-303016210F22}.Debug|Any CPU.ActiveCfg = Debug|Any CPU
		{733805F6-35DD-4687-9201-303016210F22}.Debug|Any CPU.Build.0 = Debug|Any CPU
		{733805F6-35DD-4687-9201-303016210F22}.Release|Any CPU.ActiveCfg = Release|Any CPU
		{733805F6-35DD-4687-9201-303016210F22}.Release|Any CPU.Build.0 = Release|Any CPU
		{4EE5DE79-6DAD-413B-A8FA-2C7340340B51}.Debug|Any CPU.ActiveCfg = Debug|Any CPU
		{4EE5DE79-6DAD-413B-A8FA-2C7340340B51}.Debug|Any CPU.Build.0 = Debug|Any CPU
		{4EE5DE79-6DAD-413B-A8FA-2C7340340B51}.Release|Any CPU.ActiveCfg = Release|Any CPU
		{4EE5DE79-6DAD-413B-A8FA-2C7340340B51}.Release|Any CPU.Build.0 = Release|Any CPU
	EndGlobalSection
	GlobalSection(SolutionProperties) = preSolution
		HideSolutionNode = FALSE
	EndGlobalSection
	GlobalSection(NestedProjects) = preSolution
		{190A9232-6CEE-40EA-8262-A34E1E99F76B} = {B76131BE-5475-46D1-9E5A-0FB9D0A751FB}
		{04FD6E7A-8419-4AF1-BE94-B1519338BCB6} = {B76131BE-5475-46D1-9E5A-0FB9D0A751FB}
		{6487F96A-EEB4-45AF-AD33-4CC0E3A5741B} = {87975513-DE1F-4388-9E68-3884722B939A}
		{70878B50-479A-43DF-B152-35BB0B769FA2} = {87975513-DE1F-4388-9E68-3884722B939A}
		{BFBD6D7B-80EA-4D6B-B14D-96F5F9A04494} = {574D7F72-4FCD-4EEF-A1E0-8A59B78FEBF0}
		{0D807ECA-E406-42A5-A3C5-8B2E8077D723} = {574D7F72-4FCD-4EEF-A1E0-8A59B78FEBF0}
		{733805F6-35DD-4687-9201-303016210F22} = {8541084B-8699-4A1A-893C-69327C3B112B}
		{4EE5DE79-6DAD-413B-A8FA-2C7340340B51} = {574D7F72-4FCD-4EEF-A1E0-8A59B78FEBF0}
	EndGlobalSection
	GlobalSection(ExtensibilityGlobals) = postSolution
		SolutionGuid = {BE6DCA36-5079-4285-8DF5-8F8DC5B50570}
	EndGlobalSection
EndGlobal
